{
  "name": "codedrobe-naruto-theme",
  "version": "1.0.0",
  "lockfileVersion": 3,
  "requires": true,
  "packages": {
    "": {
      "name": "codedrobe-naruto-theme",
      "version": "1.0.0",
      "license": "Apache-2.0",
      "dependencies": {
        "@codedrobe/core": "0.3.0"
      }
    },
    "node_modules/@codedrobe/core": {
      "version": "0.3.0",
      "resolved": "https://registry.npmjs.org/@codedrobe/core/-/core-0.3.0.tgz",
      "integrity": "sha512-nXpf4S9oCyLJrTcj1FmtW4Xjd7kHJzK0KXNHknFqPdevjnoG9fNF6NIjy4LCRPcqCpljSw4In0aGwv0wB9aeZA==",
      "license": "Apache-2.0",
      "bin": {
        "codedrobe": "bin/codedrobe.mjs"
      },
      "engines": {
        "node": ">=22.4"
      }
    }
  }
}
